
Microsoft Visual Studio Solution File, Format Version 12.00
# Visual Studio 2013
VisualStudioVersion = 12.0.31101.0
MinimumVisualStudioVersion = 10.0.40219.1
Project("{2150E333-8FDC-42A3-9474-1A3956D46DE8}") = "Solution Items", "Solution Items", "{23C24F4C-8B94-4E99-9F15-FDE693B4A074}"
	ProjectSection(SolutionItems) = preProject
		config.ini = config.ini
	EndProjectSection
EndProject
Project("{FAE04EC0-301F-11D3-BF4B-00C04F79EFBC}") = "RDFCommon", "RDFCommon\RDFCommon.csproj", "{7EB60F80-87CA-4645-9E1F-051735195D92}"
EndProject
Project("{FAE04EC0-301F-11D3-BF4B-00C04F79EFBC}") = "GoTripleStore", "GoTripleStore\GoTripleStore.csproj", "{1F8F5775-2B6C-4CCD-8C59-6FC80BEC60AE}"
EndProject
Project("{FAE04EC0-301F-11D3-BF4B-00C04F79EFBC}") = "RDFTripleStore", "RDFTripleStore\RDFTripleStore.csproj", "{16601FE6-F095-410B-9F63-EFC948C2B939}"
EndProject
Project("{FAE04EC0-301F-11D3-BF4B-00C04F79EFBC}") = "RDFTurtleParser", "RDFTurtleParser\RDFTurtleParser.csproj", "{BBDC3BA5-1ECD-40B5-B3A3-C6B498E07CD1}"
EndProject
Project("{FAE04EC0-301F-11D3-BF4B-00C04F79EFBC}") = "Testing", "Testing\Testing.csproj", "{17DDD8B8-D2BA-48BE-B53F-C366D3467EA3}"
EndProject
Project("{FAE04EC0-301F-11D3-BF4B-00C04F79EFBC}") = "SparqlParseRun", "SparqlParseRun\SparqlParseRun.csproj", "{AE8CBEDB-A66E-4705-953E-C16793426E89}"
EndProject
Project("{FAE04EC0-301F-11D3-BF4B-00C04F79EFBC}") = "UniversalIndex", "UniversalIndex\UniversalIndex.csproj", "{E4AB7A63-7B55-43E9-B1AA-C8E0F8AA87E3}"
EndProject
Project("{FAE04EC0-301F-11D3-BF4B-00C04F79EFBC}") = "VirtuosoBigData", "VirtuosoBigData\VirtuosoBigData.csproj", "{E00A8E14-E91D-48BE-960B-51E8A6EAB210}"
EndProject
Project("{FAE04EC0-301F-11D3-BF4B-00C04F79EFBC}") = "SparqlEndPointWebApi", "SparqlEnfdPointWebApi\SparqlEndPointWebApi.csproj", "{434352F8-D5F8-41F8-9967-F3C74C994104}"
EndProject
Global
	GlobalSection(SolutionConfigurationPlatforms) = preSolution
		Debug|Any CPU = Debug|Any CPU
		Release|Any CPU = Release|Any CPU
	EndGlobalSection
	GlobalSection(ProjectConfigurationPlatforms) = postSolution
		{7EB60F80-87CA-4645-9E1F-051735195D92}.Debug|Any CPU.ActiveCfg = Debug|Any CPU
		{7EB60F80-87CA-4645-9E1F-051735195D92}.Debug|Any CPU.Build.0 = Debug|Any CPU
		{7EB60F80-87CA-4645-9E1F-051735195D92}.Release|Any CPU.ActiveCfg = Release|Any CPU
		{7EB60F80-87CA-4645-9E1F-051735195D92}.Release|Any CPU.Build.0 = Release|Any CPU
		{1F8F5775-2B6C-4CCD-8C59-6FC80BEC60AE}.Debug|Any CPU.ActiveCfg = Debug|Any CPU
		{1F8F5775-2B6C-4CCD-8C59-6FC80BEC60AE}.Debug|Any CPU.Build.0 = Debug|Any CPU
		{1F8F5775-2B6C-4CCD-8C59-6FC80BEC60AE}.Release|Any CPU.ActiveCfg = Release|Any CPU
		{1F8F5775-2B6C-4CCD-8C59-6FC80BEC60AE}.Release|Any CPU.Build.0 = Release|Any CPU
		{16601FE6-F095-410B-9F63-EFC948C2B939}.Debug|Any CPU.ActiveCfg = Debug|Any CPU
		{16601FE6-F095-410B-9F63-EFC948C2B939}.Debug|Any CPU.Build.0 = Debug|Any CPU
		{16601FE6-F095-410B-9F63-EFC948C2B939}.Release|Any CPU.ActiveCfg = Release|Any CPU
		{16601FE6-F095-410B-9F63-EFC948C2B939}.Release|Any CPU.Build.0 = Release|Any CPU
		{BBDC3BA5-1ECD-40B5-B3A3-C6B498E07CD1}.Debug|Any CPU.ActiveCfg = Debug|Any CPU
		{BBDC3BA5-1ECD-40B5-B3A3-C6B498E07CD1}.Debug|Any CPU.Build.0 = Debug|Any CPU
		{BBDC3BA5-1ECD-40B5-B3A3-C6B498E07CD1}.Release|Any CPU.ActiveCfg = Release|Any CPU
		{BBDC3BA5-1ECD-40B5-B3A3-C6B498E07CD1}.Release|Any CPU.Build.0 = Release|Any CPU
		{17DDD8B8-D2BA-48BE-B53F-C366D3467EA3}.Debug|Any CPU.ActiveCfg = Debug|Any CPU
		{17DDD8B8-D2BA-48BE-B53F-C366D3467EA3}.Debug|Any CPU.Build.0 = Debug|Any CPU
		{17DDD8B8-D2BA-48BE-B53F-C366D3467EA3}.Release|Any CPU.ActiveCfg = Release|Any CPU
		{17DDD8B8-D2BA-48BE-B53F-C366D3467EA3}.Release|Any CPU.Build.0 = Release|Any CPU
		{AE8CBEDB-A66E-4705-953E-C16793426E89}.Debug|Any CPU.ActiveCfg = Debug|Any CPU
		{AE8CBEDB-A66E-4705-953E-C16793426E89}.Debug|Any CPU.Build.0 = Debug|Any CPU
		{AE8CBEDB-A66E-4705-953E-C16793426E89}.Release|Any CPU.ActiveCfg = Release|Any CPU
		{AE8CBEDB-A66E-4705-953E-C16793426E89}.Release|Any CPU.Build.0 = Release|Any CPU
		{E4AB7A63-7B55-43E9-B1AA-C8E0F8AA87E3}.Debug|Any CPU.ActiveCfg = Debug|Any CPU
		{E4AB7A63-7B55-43E9-B1AA-C8E0F8AA87E3}.Debug|Any CPU.Build.0 = Debug|Any CPU
		{E4AB7A63-7B55-43E9-B1AA-C8E0F8AA87E3}.Release|Any CPU.ActiveCfg = Release|Any CPU
		{E4AB7A63-7B55-43E9-B1AA-C8E0F8AA87E3}.Release|Any CPU.Build.0 = Release|Any CPU
		{E00A8E14-E91D-48BE-960B-51E8A6EAB210}.Debug|Any CPU.ActiveCfg = Debug|Any CPU
		{E00A8E14-E91D-48BE-960B-51E8A6EAB210}.Debug|Any CPU.Build.0 = Debug|Any CPU
		{E00A8E14-E91D-48BE-960B-51E8A6EAB210}.Release|Any CPU.ActiveCfg = Release|Any CPU
		{E00A8E14-E91D-48BE-960B-51E8A6EAB210}.Release|Any CPU.Build.0 = Release|Any CPU
		{434352F8-D5F8-41F8-9967-F3C74C994104}.Debug|Any CPU.ActiveCfg = Debug|Any CPU
		{434352F8-D5F8-41F8-9967-F3C74C994104}.Debug|Any CPU.Build.0 = Debug|Any CPU
		{434352F8-D5F8-41F8-9967-F3C74C994104}.Release|Any CPU.ActiveCfg = Release|Any CPU
		{434352F8-D5F8-41F8-9967-F3C74C994104}.Release|Any CPU.Build.0 = Release|Any CPU
	EndGlobalSection
	GlobalSection(SolutionProperties) = preSolution
		HideSolutionNode = FALSE
	EndGlobalSection
EndGlobal
