
Microsoft Visual Studio Solution File, Format Version 12.00
# Visual Studio 2013
VisualStudioVersion = 12.0.31101.0
MinimumVisualStudioVersion = 10.0.40219.1
Project("{FAE04EC0-301F-11D3-BF4B-00C04F79EFBC}") = "RDFTripleStore", "RDFTripleStore.csproj", "{16601FE6-F095-410B-9F63-EFC948C2B939}"
EndProject
Project("{2150E333-8FDC-42A3-9474-1A3956D46DE8}") = "Solution Items", "Solution Items", "{23C24F4C-8B94-4E99-9F15-FDE693B4A074}"
EndProject
Global
	GlobalSection(SolutionConfigurationPlatforms) = preSolution
		Debug|Any CPU = Debug|Any CPU
		Release|Any CPU = Release|Any CPU
	EndGlobalSection
	GlobalSection(ProjectConfigurationPlatforms) = postSolution
		{16601FE6-F095-410B-9F63-EFC948C2B939}.Debug|Any CPU.ActiveCfg = Debug|Any CPU
		{16601FE6-F095-410B-9F63-EFC948C2B939}.Debug|Any CPU.Build.0 = Debug|Any CPU
		{16601FE6-F095-410B-9F63-EFC948C2B939}.Release|Any CPU.ActiveCfg = Release|Any CPU
		{16601FE6-F095-410B-9F63-EFC948C2B939}.Release|Any CPU.Build.0 = Release|Any CPU
	EndGlobalSection
	GlobalSection(SolutionProperties) = preSolution
		HideSolutionNode = FALSE
	EndGlobalSection
EndGlobal
